// !$*UTF8*$!
{
	archiveVersion = 1;
	classes = {
	};
	objectVersion = 50;
	objects = {

/* Begin PBXBuildFile section */
		6E6CCEEF211BD3FE00A3C1A5 /* AppDelegate.swift in Sources */ = {isa = PBXBuildFile; fileRef = 6E6CCEEE211BD3FE00A3C1A5 /* AppDelegate.swift */; };
		6E6CCEF1211BD3FE00A3C1A5 /* TodoListViewController.swift in Sources */ = {isa = PBXBuildFile; fileRef = 6E6CCEF0211BD3FE00A3C1A5 /* TodoListViewController.swift */; };
		6E6CCEF4211BD3FE00A3C1A5 /* Main.storyboard in Resources */ = {isa = PBXBuildFile; fileRef = 6E6CCEF2211BD3FE00A3C1A5 /* Main.storyboard */; };
		6E6CCEF6211BD3FF00A3C1A5 /* Assets.xcassets in Resources */ = {isa = PBXBuildFile; fileRef = 6E6CCEF5211BD3FF00A3C1A5 /* Assets.xcassets */; };
		6E6CCEF9211BD3FF00A3C1A5 /* LaunchScreen.storyboard in Resources */ = {isa = PBXBuildFile; fileRef = 6E6CCEF7211BD3FF00A3C1A5 /* LaunchScreen.storyboard */; };
		6EA249E3211BF1A100F8A62B /* DataModel.xcdatamodeld in Sources */ = {isa = PBXBuildFile; fileRef = 6EA249E1211BF1A100F8A62B /* DataModel.xcdatamodeld */; };
		6EA24A0E211EAA8C00F8A62B /* CategoryViewController.swift in Sources */ = {isa = PBXBuildFile; fileRef = 6EA24A0D211EAA8C00F8A62B /* CategoryViewController.swift */; };
		833BF1E98EA0E32A86AA6FCE /* Pods_Todoey.framework in Frameworks */ = {isa = PBXBuildFile; fileRef = 7CA03AECE7E3A710613803CB /* Pods_Todoey.framework */; };
/* End PBXBuildFile section */

/* Begin PBXFileReference section */
		6E6CCEEB211BD3FE00A3C1A5 /* Todoey.app */ = {isa = PBXFileReference; explicitFileType = wrapper.application; includeInIndex = 0; path = Todoey.app; sourceTree = BUILT_PRODUCTS_DIR; };
		6E6CCEEE211BD3FE00A3C1A5 /* AppDelegate.swift */ = {isa = PBXFileReference; lastKnownFileType = sourcecode.swift; path = AppDelegate.swift; sourceTree = "<group>"; };
		6E6CCEF0211BD3FE00A3C1A5 /* TodoListViewController.swift */ = {isa = PBXFileReference; lastKnownFileType = sourcecode.swift; path = TodoListViewController.swift; sourceTree = "<group>"; };
		6E6CCEF3211BD3FE00A3C1A5 /* Base */ = {isa = PBXFileReference; lastKnownFileType = file.storyboard; name = Base; path = Base.lproj/Main.storyboard; sourceTree = "<group>"; };
		6E6CCEF5211BD3FF00A3C1A5 /* Assets.xcassets */ = {isa = PBXFileReference; lastKnownFileType = folder.assetcatalog; path = Assets.xcassets; sourceTree = "<group>"; };
		6E6CCEF8211BD3FF00A3C1A5 /* Base */ = {isa = PBXFileReference; lastKnownFileType = file.storyboard; name = Base; path = Base.lproj/LaunchScreen.storyboard; sourceTree = "<group>"; };
		6E6CCEFA211BD3FF00A3C1A5 /* Info.plist */ = {isa = PBXFileReference; lastKnownFileType = text.plist.xml; path = Info.plist; sourceTree = "<group>"; };
		6EA249E2211BF1A100F8A62B /* DataModel.xcdatamodel */ = {isa = PBXFileReference; lastKnownFileType = wrapper.xcdatamodel; path = DataModel.xcdatamodel; sourceTree = "<group>"; };
		6EA24A0D211EAA8C00F8A62B /* CategoryViewController.swift */ = {isa = PBXFileReference; lastKnownFileType = sourcecode.swift; path = CategoryViewController.swift; sourceTree = "<group>"; };
		7CA03AECE7E3A710613803CB /* Pods_Todoey.framework */ = {isa = PBXFileReference; explicitFileType = wrapper.framework; includeInIndex = 0; path = Pods_Todoey.framework; sourceTree = BUILT_PRODUCTS_DIR; };
		988827C9BBE2CC4C9FC11794 /* Pods-Todoey.debug.xcconfig */ = {isa = PBXFileReference; includeInIndex = 1; lastKnownFileType = text.xcconfig; name = "Pods-Todoey.debug.xcconfig"; path = "Pods/Target Support Files/Pods-Todoey/Pods-Todoey.debug.xcconfig"; sourceTree = "<group>"; };
		C8C8B2484E3081F31F893589 /* Pods-Todoey.release.xcconfig */ = {isa = PBXFileReference; includeInIndex = 1; lastKnownFileType = text.xcconfig; name = "Pods-Todoey.release.xcconfig"; path = "Pods/Target Support Files/Pods-Todoey/Pods-Todoey.release.xcconfig"; sourceTree = "<group>"; };
/* End PBXFileReference section */

/* Begin PBXFrameworksBuildPhase section */
		6E6CCEE8211BD3FE00A3C1A5 /* Frameworks */ = {
			isa = PBXFrameworksBuildPhase;
			buildActionMask = 2147483647;
			files = (
				833BF1E98EA0E32A86AA6FCE /* Pods_Todoey.framework in Frameworks */,
			);
			runOnlyForDeploymentPostprocessing = 0;
		};
/* End PBXFrameworksBuildPhase section */

/* Begin PBXGroup section */
		58575C27A3088F23DD8C6B91 /* Frameworks */ = {
			isa = PBXGroup;
			children = (
				7CA03AECE7E3A710613803CB /* Pods_Todoey.framework */,
			);
			name = Frameworks;
			sourceTree = "<group>";
		};
		65E2973C7B84A3BCF12B067D /* Pods */ = {
			isa = PBXGroup;
			children = (
				988827C9BBE2CC4C9FC11794 /* Pods-Todoey.debug.xcconfig */,
				C8C8B2484E3081F31F893589 /* Pods-Todoey.release.xcconfig */,
			);
			name = Pods;
			sourceTree = "<group>";
		};
		6E6CCEE2211BD3FE00A3C1A5 = {
			isa = PBXGroup;
			children = (
				6E6CCEED211BD3FE00A3C1A5 /* Todoey */,
				6E6CCEEC211BD3FE00A3C1A5 /* Products */,
				65E2973C7B84A3BCF12B067D /* Pods */,
				58575C27A3088F23DD8C6B91 /* Frameworks */,
			);
			sourceTree = "<group>";
		};
		6E6CCEEC211BD3FE00A3C1A5 /* Products */ = {
			isa = PBXGroup;
			children = (
				6E6CCEEB211BD3FE00A3C1A5 /* Todoey.app */,
			);
			name = Products;
			sourceTree = "<group>";
		};
		6E6CCEED211BD3FE00A3C1A5 /* Todoey */ = {
			isa = PBXGroup;
			children = (
				6E6CCEEE211BD3FE00A3C1A5 /* AppDelegate.swift */,
				6E6CCF03211BE12600A3C1A5 /* Controllers */,
				6E6CCF04211BE14600A3C1A5 /* Views */,
				6E6CCF05211BE15600A3C1A5 /* Supporting Files */,
				6E6CCF02211BE11100A3C1A5 /* DataModel */,
			);
			path = Todoey;
			sourceTree = "<group>";
		};
		6E6CCF02211BE11100A3C1A5 /* DataModel */ = {
			isa = PBXGroup;
			children = (
				6EA249E1211BF1A100F8A62B /* DataModel.xcdatamodeld */,
			);
			name = DataModel;
			sourceTree = "<group>";
		};
		6E6CCF03211BE12600A3C1A5 /* Controllers */ = {
			isa = PBXGroup;
			children = (
				6E6CCEF0211BD3FE00A3C1A5 /* TodoListViewController.swift */,
				6EA24A0D211EAA8C00F8A62B /* CategoryViewController.swift */,
			);
			name = Controllers;
			sourceTree = "<group>";
		};
		6E6CCF04211BE14600A3C1A5 /* Views */ = {
			isa = PBXGroup;
			children = (
				6E6CCEF2211BD3FE00A3C1A5 /* Main.storyboard */,
			);
			name = Views;
			sourceTree = "<group>";
		};
		6E6CCF05211BE15600A3C1A5 /* Supporting Files */ = {
			isa = PBXGroup;
			children = (
				6E6CCEF5211BD3FF00A3C1A5 /* Assets.xcassets */,
				6E6CCEF7211BD3FF00A3C1A5 /* LaunchScreen.storyboard */,
				6E6CCEFA211BD3FF00A3C1A5 /* Info.plist */,
			);
			name = "Supporting Files";
			sourceTree = "<group>";
		};
/* End PBXGroup section */

/* Begin PBXNativeTarget section */
		6E6CCEEA211BD3FE00A3C1A5 /* Todoey */ = {
			isa = PBXNativeTarget;
			buildConfigurationList = 6E6CCEFD211BD3FF00A3C1A5 /* Build configuration list for PBXNativeTarget "Todoey" */;
			buildPhases = (
				42F85D4398489AEDC5CE3A87 /* [CP] Check Pods Manifest.lock */,
				6E6CCEE7211BD3FE00A3C1A5 /* Sources */,
				6E6CCEE8211BD3FE00A3C1A5 /* Frameworks */,
				6E6CCEE9211BD3FE00A3C1A5 /* Resources */,
				478DE1C80C8CC2F81943BF03 /* [CP] Embed Pods Frameworks */,
			);
			buildRules = (
			);
			dependencies = (
			);
			name = Todoey;
			productName = Todoey;
			productReference = 6E6CCEEB211BD3FE00A3C1A5 /* Todoey.app */;
			productType = "com.apple.product-type.application";
		};
/* End PBXNativeTarget section */

/* Begin PBXProject section */
		6E6CCEE3211BD3FE00A3C1A5 /* Project object */ = {
			isa = PBXProject;
			attributes = {
				LastSwiftUpdateCheck = 0940;
				LastUpgradeCheck = 0940;
				ORGANIZATIONNAME = "Gourav Nayyar";
				TargetAttributes = {
					6E6CCEEA211BD3FE00A3C1A5 = {
						CreatedOnToolsVersion = 9.4.1;
					};
				};
			};
			buildConfigurationList = 6E6CCEE6211BD3FE00A3C1A5 /* Build configuration list for PBXProject "Todoey" */;
			compatibilityVersion = "Xcode 9.3";
			developmentRegion = en;
			hasScannedForEncodings = 0;
			knownRegions = (
				en,
				Base,
			);
			mainGroup = 6E6CCEE2211BD3FE00A3C1A5;
			productRefGroup = 6E6CCEEC211BD3FE00A3C1A5 /* Products */;
			projectDirPath = "";
			projectRoot = "";
			targets = (
				6E6CCEEA211BD3FE00A3C1A5 /* Todoey */,
			);
		};
/* End PBXProject section */

/* Begin PBXResourcesBuildPhase section */
		6E6CCEE9211BD3FE00A3C1A5 /* Resources */ = {
			isa = PBXResourcesBuildPhase;
			buildActionMask = 2147483647;
			files = (
				6E6CCEF9211BD3FF00A3C1A5 /* LaunchScreen.storyboard in Resources */,
				6E6CCEF6211BD3FF00A3C1A5 /* Assets.xcassets in Resources */,
				6E6CCEF4211BD3FE00A3C1A5 /* Main.storyboard in Resources */,
			);
			runOnlyForDeploymentPostprocessing = 0;
		};
/* End PBXResourcesBuildPhase section */

/* Begin PBXShellScriptBuildPhase section */
		42F85D4398489AEDC5CE3A87 /* [CP] Check Pods Manifest.lock */ = {
			isa = PBXShellScriptBuildPhase;
			buildActionMask = 2147483647;
			files = (
			);
			inputPaths = (
				"${PODS_PODFILE_DIR_PATH}/Podfile.lock",
				"${PODS_ROOT}/Manifest.lock",
			);
			name = "[CP] Check Pods Manifest.lock";
			outputPaths = (
				"$(DERIVED_FILE_DIR)/Pods-Todoey-checkManifestLockResult.txt",
			);
			runOnlyForDeploymentPostprocessing = 0;
			shellPath = /bin/sh;
			shellScript = "diff \"${PODS_PODFILE_DIR_PATH}/Podfile.lock\" \"${PODS_ROOT}/Manifest.lock\" > /dev/null\nif [ $? != 0 ] ; then\n    # print error to STDERR\n    echo \"error: The sandbox is not in sync with the Podfile.lock. Run 'pod install' or update your CocoaPods installation.\" >&2\n    exit 1\nfi\n# This output is used by Xcode 'outputs' to avoid re-running this script phase.\necho \"SUCCESS\" > \"${SCRIPT_OUTPUT_FILE_0}\"\n";
			showEnvVarsInLog = 0;
		};
		478DE1C80C8CC2F81943BF03 /* [CP] Embed Pods Frameworks */ = {
			isa = PBXShellScriptBuildPhase;
			buildActionMask = 2147483647;
			files = (
			);
			inputPaths = (
				"${SRCROOT}/Pods/Target Support Files/Pods-Todoey/Pods-Todoey-frameworks.sh",
				"${BUILT_PRODUCTS_DIR}/Realm/Realm.framework",
				"${BUILT_PRODUCTS_DIR}/RealmSwift/RealmSwift.framework",
			);
			name = "[CP] Embed Pods Frameworks";
			outputPaths = (
				"${TARGET_BUILD_DIR}/${FRAMEWORKS_FOLDER_PATH}/Realm.framework",
				"${TARGET_BUILD_DIR}/${FRAMEWORKS_FOLDER_PATH}/RealmSwift.framework",
			);
			runOnlyForDeploymentPostprocessing = 0;
			shellPath = /bin/sh;
			shellScript = "\"${SRCROOT}/Pods/Target Support Files/Pods-Todoey/Pods-Todoey-frameworks.sh\"\n";
			showEnvVarsInLog = 0;
		};
/* End PBXShellScriptBuildPhase section */

/* Begin PBXSourcesBuildPhase section */
		6E6CCEE7211BD3FE00A3C1A5 /* Sources */ = {
			isa = PBXSourcesBuildPhase;
			buildActionMask = 2147483647;
			files = (
				6EA24A0E211EAA8C00F8A62B /* CategoryViewController.swift in Sources */,
				6E6CCEF1211BD3FE00A3C1A5 /* TodoListViewController.swift in Sources */,
				6EA249E3211BF1A100F8A62B /* DataModel.xcdatamodeld in Sources */,
				6E6CCEEF211BD3FE00A3C1A5 /* AppDelegate.swift in Sources */,
			);
			runOnlyForDeploymentPostprocessing = 0;
		};
/* End PBXSourcesBuildPhase section */

/* Begin PBXVariantGroup section */
		6E6CCEF2211BD3FE00A3C1A5 /* Main.storyboard */ = {
			isa = PBXVariantGroup;
			children = (
				6E6CCEF3211BD3FE00A3C1A5 /* Base */,
			);
			name = Main.storyboard;
			sourceTree = "<group>";
		};
		6E6CCEF7211BD3FF00A3C1A5 /* LaunchScreen.storyboard */ = {
			isa = PBXVariantGroup;
			children = (
				6E6CCEF8211BD3FF00A3C1A5 /* Base */,
			);
			name = LaunchScreen.storyboard;
			sourceTree = "<group>";
		};
/* End PBXVariantGroup section */

/* Begin XCBuildConfiguration section */
		6E6CCEFB211BD3FF00A3C1A5 /* Debug */ = {
			isa = XCBuildConfiguration;
			buildSettings = {
				ALWAYS_SEARCH_USER_PATHS = NO;
				CLANG_ANALYZER_NONNULL = YES;
				CLANG_ANALYZER_NUMBER_OBJECT_CONVERSION = YES_AGGRESSIVE;
				CLANG_CXX_LANGUAGE_STANDARD = "gnu++14";
				CLANG_CXX_LIBRARY = "libc++";
				CLANG_ENABLE_MODULES = YES;
				CLANG_ENABLE_OBJC_ARC = YES;
				CLANG_ENABLE_OBJC_WEAK = YES;
				CLANG_WARN_BLOCK_CAPTURE_AUTORELEASING = YES;
				CLANG_WARN_BOOL_CONVERSION = YES;
				CLANG_WARN_COMMA = YES;
				CLANG_WARN_CONSTANT_CONVERSION = YES;
				CLANG_WARN_DEPRECATED_OBJC_IMPLEMENTATIONS = YES;
				CLANG_WARN_DIRECT_OBJC_ISA_USAGE = YES_ERROR;
				CLANG_WARN_DOCUMENTATION_COMMENTS = YES;
				CLANG_WARN_EMPTY_BODY = YES;
				CLANG_WARN_ENUM_CONVERSION = YES;
				CLANG_WARN_INFINITE_RECURSION = YES;
				CLANG_WARN_INT_CONVERSION = YES;
				CLANG_WARN_NON_LITERAL_NULL_CONVERSION = YES;
				CLANG_WARN_OBJC_IMPLICIT_RETAIN_SELF = YES;
				CLANG_WARN_OBJC_LITERAL_CONVERSION = YES;
				CLANG_WARN_OBJC_ROOT_CLASS = YES_ERROR;
				CLANG_WARN_RANGE_LOOP_ANALYSIS = YES;
				CLANG_WARN_STRICT_PROTOTYPES = YES;
				CLANG_WARN_SUSPICIOUS_MOVE = YES;
				CLANG_WARN_UNGUARDED_AVAILABILITY = YES_AGGRESSIVE;
				CLANG_WARN_UNREACHABLE_CODE = YES;
				CLANG_WARN__DUPLICATE_METHOD_MATCH = YES;
				CODE_SIGN_IDENTITY = "iPhone Developer";
				COPY_PHASE_STRIP = NO;
				DEBUG_INFORMATION_FORMAT = dwarf;
				ENABLE_STRICT_OBJC_MSGSEND = YES;
				ENABLE_TESTABILITY = YES;
				GCC_C_LANGUAGE_STANDARD = gnu11;
				GCC_DYNAMIC_NO_PIC = NO;
				GCC_NO_COMMON_BLOCKS = YES;
				GCC_OPTIMIZATION_LEVEL = 0;
				GCC_PREPROCESSOR_DEFINITIONS = (
					"DEBUG=1",
					"$(inherited)",
				);
				GCC_WARN_64_TO_32_BIT_CONVERSION = YES;
				GCC_WARN_ABOUT_RETURN_TYPE = YES_ERROR;
				GCC_WARN_UNDECLARED_SELECTOR = YES;
				GCC_WARN_UNINITIALIZED_AUTOS = YES_AGGRESSIVE;
				GCC_WARN_UNUSED_FUNCTION = YES;
				GCC_WARN_UNUSED_VARIABLE = YES;
				IPHONEOS_DEPLOYMENT_TARGET = 11.4;
				MTL_ENABLE_DEBUG_INFO = YES;
				ONLY_ACTIVE_ARCH = YES;
				SDKROOT = iphoneos;
				SWIFT_ACTIVE_COMPILATION_CONDITIONS = DEBUG;
				SWIFT_OPTIMIZATION_LEVEL = "-Onone";
			};
			name = Debug;
		};
		6E6CCEFC211BD3FF00A3C1A5 /* Release */ = {
			isa = XCBuildConfiguration;
			buildSettings = {
				ALWAYS_SEARCH_USER_PATHS = NO;
				CLANG_ANALYZER_NONNULL = YES;
				CLANG_ANALYZER_NUMBER_OBJECT_CONVERSION = YES_AGGRESSIVE;
				CLANG_CXX_LANGUAGE_STANDARD = "gnu++14";
				CLANG_CXX_LIBRARY = "libc++";
				CLANG_ENABLE_MODULES = YES;
				CLANG_ENABLE_OBJC_ARC = YES;
				CLANG_ENABLE_OBJC_WEAK = YES;
				CLANG_WARN_BLOCK_CAPTURE_AUTORELEASING = YES;
				CLANG_WARN_BOOL_CONVERSION = YES;
				CLANG_WARN_COMMA = YES;
				CLANG_WARN_CONSTANT_CONVERSION = YES;
				CLANG_WARN_DEPRECATED_OBJC_IMPLEMENTATIONS = YES;
				CLANG_WARN_DIRECT_OBJC_ISA_USAGE = YES_ERROR;
				CLANG_WARN_DOCUMENTATION_COMMENTS = YES;
				CLANG_WARN_EMPTY_BODY = YES;
				CLANG_WARN_ENUM_CONVERSION = YES;
				CLANG_WARN_INFINITE_RECURSION = YES;
				CLANG_WARN_INT_CONVERSION = YES;
				CLANG_WARN_NON_LITERAL_NULL_CONVERSION = YES;
				CLANG_WARN_OBJC_IMPLICIT_RETAIN_SELF = YES;
				CLANG_WARN_OBJC_LITERAL_CONVERSION = YES;
				CLANG_WARN_OBJC_ROOT_CLASS = YES_ERROR;
				CLANG_WARN_RANGE_LOOP_ANALYSIS = YES;
				CLANG_WARN_STRICT_PROTOTYPES = YES;
				CLANG_WARN_SUSPICIOUS_MOVE = YES;
				CLANG_WARN_UNGUARDED_AVAILABILITY = YES_AGGRESSIVE;
				CLANG_WARN_UNREACHABLE_CODE = YES;
				CLANG_WARN__DUPLICATE_METHOD_MATCH = YES;
				CODE_SIGN_IDENTITY = "iPhone Developer";
				COPY_PHASE_STRIP = NO;
				DEBUG_INFORMATION_FORMAT = "dwarf-with-dsym";
				ENABLE_NS_ASSERTIONS = NO;
				ENABLE_STRICT_OBJC_MSGSEND = YES;
				GCC_C_LANGUAGE_STANDARD = gnu11;
				GCC_NO_COMMON_BLOCKS = YES;
				GCC_WARN_64_TO_32_BIT_CONVERSION = YES;
				GCC_WARN_ABOUT_RETURN_TYPE = YES_ERROR;
				GCC_WARN_UNDECLARED_SELECTOR = YES;
				GCC_WARN_UNINITIALIZED_AUTOS = YES_AGGRESSIVE;
				GCC_WARN_UNUSED_FUNCTION = YES;
				GCC_WARN_UNUSED_VARIABLE = YES;
				IPHONEOS_DEPLOYMENT_TARGET = 11.4;
				MTL_ENABLE_DEBUG_INFO = NO;
				SDKROOT = iphoneos;
				SWIFT_COMPILATION_MODE = wholemodule;
				SWIFT_OPTIMIZATION_LEVEL = "-O";
				VALIDATE_PRODUCT = YES;
			};
			name = Release;
		};
		6E6CCEFE211BD3FF00A3C1A5 /* Debug */ = {
			isa = XCBuildConfiguration;
			baseConfigurationReference = 988827C9BBE2CC4C9FC11794 /* Pods-Todoey.debug.xcconfig */;
			buildSettings = {
				ASSETCATALOG_COMPILER_APPICON_NAME = AppIcon;
				CODE_SIGN_STYLE = Automatic;
				DEVELOPMENT_TEAM = S2ZMFGQM93;
				INFOPLIST_FILE = Todoey/Info.plist;
				LD_RUNPATH_SEARCH_PATHS = (
					"$(inherited)",
					"@executable_path/Frameworks",
				);
				PRODUCT_BUNDLE_IDENTIFIER = com.Todoey;
				PRODUCT_NAME = "$(TARGET_NAME)";
				SWIFT_VERSION = 4.0;
				TARGETED_DEVICE_FAMILY = "1,2";
			};
			name = Debug;
		};
		6E6CCEFF211BD3FF00A3C1A5 /* Release */ = {
			isa = XCBuildConfiguration;
			baseConfigurationReference = C8C8B2484E3081F31F893589 /* Pods-Todoey.release.xcconfig */;
			buildSettings = {
				ASSETCATALOG_COMPILER_APPICON_NAME = AppIcon;
				CODE_SIGN_STYLE = Automatic;
				DEVELOPMENT_TEAM = S2ZMFGQM93;
				INFOPLIST_FILE = Todoey/Info.plist;
				LD_RUNPATH_SEARCH_PATHS = (
					"$(inherited)",
					"@executable_path/Frameworks",
				);
				PRODUCT_BUNDLE_IDENTIFIER = com.Todoey;
				PRODUCT_NAME = "$(TARGET_NAME)";
				SWIFT_VERSION = 4.0;
				TARGETED_DEVICE_FAMILY = "1,2";
			};
			name = Release;
		};
/* End XCBuildConfiguration section */

/* Begin XCConfigurationList section */
		6E6CCEE6211BD3FE00A3C1A5 /* Build configuration list for PBXProject "Todoey" */ = {
			isa = XCConfigurationList;
			buildConfigurations = (
				6E6CCEFB211BD3FF00A3C1A5 /* Debug */,
				6E6CCEFC211BD3FF00A3C1A5 /* Release */,
			);
			defaultConfigurationIsVisible = 0;
			defaultConfigurationName = Release;
		};
		6E6CCEFD211BD3FF00A3C1A5 /* Build configuration list for PBXNativeTarget "Todoey" */ = {
			isa = XCConfigurationList;
			buildConfigurations = (
				6E6CCEFE211BD3FF00A3C1A5 /* Debug */,
				6E6CCEFF211BD3FF00A3C1A5 /* Release */,
			);
			defaultConfigurationIsVisible = 0;
			defaultConfigurationName = Release;
		};
/* End XCConfigurationList section */

/* Begin XCVersionGroup section */
		6EA249E1211BF1A100F8A62B /* DataModel.xcdatamodeld */ = {
			isa = XCVersionGroup;
			children = (
				6EA249E2211BF1A100F8A62B /* DataModel.xcdatamodel */,
			);
			currentVersion = 6EA249E2211BF1A100F8A62B /* DataModel.xcdatamodel */;
			path = DataModel.xcdatamodeld;
			sourceTree = "<group>";
			versionGroupType = wrapper.xcdatamodel;
		};
/* End XCVersionGroup section */
	};
	rootObject = 6E6CCEE3211BD3FE00A3C1A5 /* Project object */;
}
